
Microsoft Visual Studio Solution File, Format Version 12.00
# Visual Studio Version 17
VisualStudioVersion = 17.3.32505.426
MinimumVisualStudioVersion = 10.0.40219.1
Project("{9A19103F-16F7-4668-BE54-9A1E7A4F7556}") = "FastBuildTransform", ".\FastBuildTransform\FastBuildTransform.csproj", "{CF0F50B7-448D-445A-B2C1-088E94E0A8F8}"
EndProject
Project("{FAE04EC0-301F-11D3-BF4B-00C04F79EFBC}") = "ClassLibrary", ".\ClassLibrary\ClassLibrary.csproj", "{703CBD61-5B18-4BE1-8163-321AFF8D3C4A}"
EndProject
Global
	GlobalSection(SolutionConfigurationPlatforms) = preSolution
		Debug|Any CPU = Debug|Any CPU
		Release|Any CPU = Release|Any CPU
	EndGlobalSection
	GlobalSection(ProjectConfigurationPlatforms) = postSolution
		{CF0F50B7-448D-445A-B2C1-088E94E0A8F8}.Debug|Any CPU.ActiveCfg = Debug|Any CPU
		{CF0F50B7-448D-445A-B2C1-088E94E0A8F8}.Debug|Any CPU.Build.0 = Debug|Any CPU
		{CF0F50B7-448D-445A-B2C1-088E94E0A8F8}.Release|Any CPU.ActiveCfg = Release|Any CPU
		{CF0F50B7-448D-445A-B2C1-088E94E0A8F8}.Release|Any CPU.Build.0 = Release|Any CPU
		{703CBD61-5B18-4BE1-8163-321AFF8D3C4A}.Debug|Any CPU.ActiveCfg = Debug|Any CPU
		{703CBD61-5B18-4BE1-8163-321AFF8D3C4A}.Debug|Any CPU.Build.0 = Debug|Any CPU
		{703CBD61-5B18-4BE1-8163-321AFF8D3C4A}.Release|Any CPU.ActiveCfg = Release|Any CPU
		{703CBD61-5B18-4BE1-8163-321AFF8D3C4A}.Release|Any CPU.Build.0 = Release|Any CPU
	EndGlobalSection
	GlobalSection(SolutionProperties) = preSolution
		HideSolutionNode = FALSE
	EndGlobalSection
	GlobalSection(ExtensibilityGlobals) = postSolution
		SolutionGuid = {D59CA0DC-86E9-4232-9842-FBDD2C055297}
	EndGlobalSection
EndGlobal
